version: 6
environments:
  default:
    channels:
    - url: https://conda.anaconda.org/conda-forge/
    packages:
      osx-arm64:
      - conda: https://conda.anaconda.org/conda-forge/osx-arm64/bzip2-1.0.8-h99b78c6_7.conda
      - conda: https://conda.anaconda.org/conda-forge/osx-arm64/ca-certificates-2025.1.31-hf0a4a13_0.conda
      - conda: https://conda.anaconda.org/conda-forge/noarch/filelock-3.17.0-pyhd8ed1ab_0.conda
      - conda: https://conda.anaconda.org/conda-forge/noarch/fsspec-2025.2.0-pyhd8ed1ab_0.conda
      - conda: https://conda.anaconda.org/conda-forge/osx-arm64/gmp-6.3.0-h7bae524_2.conda
      - conda: https://conda.anaconda.org/conda-forge/osx-arm64/gmpy2-2.1.5-py312h524cf62_3.conda
      - conda: https://conda.anaconda.org/conda-forge/noarch/jinja2-3.1.5-pyhd8ed1ab_0.conda
      - conda: https://conda.anaconda.org/conda-forge/osx-arm64/libabseil-20240722.0-cxx17_h07bc746_4.conda
      - conda: https://conda.anaconda.org/conda-forge/osx-arm64/libblas-3.9.0-28_h10e41b3_openblas.conda
      - conda: https://conda.anaconda.org/conda-forge/osx-arm64/libcblas-3.9.0-28_hb3479ef_openblas.conda
      - conda: https://conda.anaconda.org/conda-forge/osx-arm64/libcxx-19.1.7-ha82da77_0.conda
      - conda: https://conda.anaconda.org/conda-forge/osx-arm64/libexpat-2.6.4-h286801f_0.conda
      - conda: https://conda.anaconda.org/conda-forge/osx-arm64/libffi-3.4.2-h3422bc3_5.tar.bz2
      - conda: https://conda.anaconda.org/conda-forge/osx-arm64/libgfortran-5.0.0-13_2_0_hd922786_3.conda
      - conda: https://conda.anaconda.org/conda-forge/osx-arm64/libgfortran5-13.2.0-hf226fd6_3.conda
      - conda: https://conda.anaconda.org/conda-forge/osx-arm64/liblapack-3.9.0-28_hc9a63f6_openblas.conda
      - conda: https://conda.anaconda.org/conda-forge/osx-arm64/liblzma-5.6.4-h39f12f2_0.conda
      - conda: https://conda.anaconda.org/conda-forge/osx-arm64/liblzma-devel-5.6.4-h39f12f2_0.conda
      - conda: https://conda.anaconda.org/conda-forge/osx-arm64/libopenblas-0.3.28-openmp_hf332438_1.conda
      - conda: https://conda.anaconda.org/conda-forge/osx-arm64/libprotobuf-5.28.3-h3bd63a1_1.conda
      - conda: https://conda.anaconda.org/conda-forge/osx-arm64/libsqlite-3.48.0-h3f77e49_1.conda
      - conda: https://conda.anaconda.org/conda-forge/osx-arm64/libtorch-2.5.1-cpu_generic_he9b55c7_11.conda
      - conda: https://conda.anaconda.org/conda-forge/osx-arm64/libuv-1.50.0-h5505292_0.conda
      - conda: https://conda.anaconda.org/conda-forge/osx-arm64/libzlib-1.3.1-h8359307_2.conda
      - conda: https://conda.anaconda.org/conda-forge/osx-arm64/llvm-openmp-19.1.7-hdb05f8b_0.conda
      - conda: https://conda.anaconda.org/conda-forge/osx-arm64/markupsafe-3.0.2-py312h998013c_1.conda
      - conda: https://conda.anaconda.org/conda-forge/osx-arm64/mpc-1.3.1-h8f1351a_1.conda
      - conda: https://conda.anaconda.org/conda-forge/osx-arm64/mpfr-4.2.1-hb693164_3.conda
      - conda: https://conda.anaconda.org/conda-forge/noarch/mpmath-1.3.0-pyhd8ed1ab_1.conda
      - conda: https://conda.anaconda.org/conda-forge/osx-arm64/ncurses-6.5-h5e97a16_3.conda
      - conda: https://conda.anaconda.org/conda-forge/noarch/networkx-3.4.2-pyh267e887_2.conda
      - conda: https://conda.anaconda.org/conda-forge/noarch/nomkl-1.0-h5ca1d4c_0.tar.bz2
      - conda: https://conda.anaconda.org/conda-forge/osx-arm64/numpy-2.2.2-py312h7c1f314_0.conda
      - conda: https://conda.anaconda.org/conda-forge/osx-arm64/openssl-3.4.0-h81ee809_1.conda
      - conda: https://conda.anaconda.org/conda-forge/noarch/pybind11-2.13.6-pyh1ec8472_2.conda
      - conda: https://conda.anaconda.org/conda-forge/noarch/pybind11-global-2.13.6-pyh415d2e4_2.conda
      - conda: https://conda.anaconda.org/conda-forge/osx-arm64/python-3.12.2-hdf0ec26_0_cpython.conda
      - conda: https://conda.anaconda.org/conda-forge/osx-arm64/python_abi-3.12-5_cp312.conda
      - conda: https://conda.anaconda.org/conda-forge/osx-arm64/pytorch-2.5.1-cpu_generic_py312_h49ed405_11.conda
      - conda: https://conda.anaconda.org/conda-forge/osx-arm64/readline-8.2-h92ec313_1.conda
      - conda: https://conda.anaconda.org/conda-forge/noarch/setuptools-75.8.0-pyhff2d567_0.conda
      - conda: https://conda.anaconda.org/conda-forge/osx-arm64/sleef-3.8-h8391f65_0.conda
      - conda: https://conda.anaconda.org/conda-forge/noarch/sympy-1.13.3-pypyh2585a3b_103.conda
      - conda: https://conda.anaconda.org/conda-forge/osx-arm64/tk-8.6.13-h5083fa2_1.conda
      - conda: https://conda.anaconda.org/conda-forge/noarch/typing_extensions-4.12.2-pyha770c72_1.conda
      - conda: https://conda.anaconda.org/conda-forge/noarch/tzdata-2025a-h78e105d_0.conda
      - conda: https://conda.anaconda.org/conda-forge/osx-arm64/xz-5.6.4-h9a6d368_0.conda
      - conda: https://conda.anaconda.org/conda-forge/osx-arm64/xz-gpl-tools-5.6.4-h9a6d368_0.conda
      - conda: https://conda.anaconda.org/conda-forge/osx-arm64/xz-tools-5.6.4-h39f12f2_0.conda
packages:
- conda: https://conda.anaconda.org/conda-forge/osx-arm64/bzip2-1.0.8-h99b78c6_7.conda
  sha256: adfa71f158cbd872a36394c56c3568e6034aa55c623634b37a4836bd036e6b91
  md5: fc6948412dbbbe9a4c9ddbbcfe0a79ab
  depends:
  - __osx >=11.0
  license: bzip2-1.0.6
  license_family: BSD
  size: 122909
  timestamp: 1720974522888
- conda: https://conda.anaconda.org/conda-forge/osx-arm64/ca-certificates-2025.1.31-hf0a4a13_0.conda
  sha256: 7e12816618173fe70f5c638b72adf4bfd4ddabf27794369bb17871c5bb75b9f9
  md5: 3569d6a9141adc64d2fe4797f3289e06
  license: ISC
  size: 158425
  timestamp: 1738298167688
- conda: https://conda.anaconda.org/conda-forge/noarch/filelock-3.17.0-pyhd8ed1ab_0.conda
  sha256: 006d7e5a0c17a6973596dd86bfc80d74ce541144d2aee2d22d46fd41df560a63
  md5: 7f402b4a1007ee355bc50ce4d24d4a57
  depends:
  - python >=3.9
  license: Unlicense
  size: 17544
  timestamp: 1737517924333
- conda: https://conda.anaconda.org/conda-forge/noarch/fsspec-2025.2.0-pyhd8ed1ab_0.conda
  sha256: 7433b8469074985b651693778ec6f03d2a23fad9919a515e3b8545996b5e721a
  md5: d9ea16b71920b03beafc17fcca16df90
  depends:
  - python >=3.9
  license: BSD-3-Clause
  license_family: BSD
  size: 138186
  timestamp: 1738501352608
- conda: https://conda.anaconda.org/conda-forge/osx-arm64/gmp-6.3.0-h7bae524_2.conda
  sha256: 76e222e072d61c840f64a44e0580c2503562b009090f55aa45053bf1ccb385dd
  md5: eed7278dfbab727b56f2c0b64330814b
  depends:
  - __osx >=11.0
  - libcxx >=16
  arch: arm64
  platform: osx
  license: GPL-2.0-or-later OR LGPL-3.0-or-later
  size: 365188
  timestamp: 1718981343258
- conda: https://conda.anaconda.org/conda-forge/osx-arm64/gmpy2-2.1.5-py312h524cf62_3.conda
  sha256: 0ea196e4b706321951af1eebdb6a4eb9307faa1fd5361bcf49acb150e71774f7
  md5: ab7a5d10c7b4e249a9fe7bc280909803
  depends:
  - __osx >=11.0
  - gmp >=6.3.0,<7.0a0
  - mpc >=1.3.1,<2.0a0
  - mpfr >=4.2.1,<5.0a0
  - python >=3.12,<3.13.0a0
  - python >=3.12,<3.13.0a0 *_cpython
  - python_abi 3.12.* *_cp312
  arch: arm64
  platform: osx
  license: LGPL-3.0-or-later
  license_family: LGPL
  size: 147983
  timestamp: 1733462785197
- conda: https://conda.anaconda.org/conda-forge/noarch/jinja2-3.1.5-pyhd8ed1ab_0.conda
  sha256: 98977694b9ecaa3218662f843425f39501f81973c450f995eec68f1803ed71c3
  md5: 2752a6ed44105bfb18c9bef1177d9dcd
  depends:
  - markupsafe >=2.0
  - python >=3.9
  license: BSD-3-Clause
  license_family: BSD
  size: 112561
  timestamp: 1734824044952
- conda: https://conda.anaconda.org/conda-forge/osx-arm64/libabseil-20240722.0-cxx17_h07bc746_4.conda
  sha256: 05fa5e5e908962b9c5aba95f962e2ca81d9599c4715aebe5e4ddb72b309d1770
  md5: c2d95bd7aa8d564a9bd7eca5e571a5b3
  depends:
  - __osx >=11.0
  - libcxx >=18
  constrains:
  - libabseil-static =20240722.0=cxx17*
  - abseil-cpp =20240722.0
  arch: arm64
  platform: osx
  license: Apache-2.0
  license_family: Apache
  size: 1178260
  timestamp: 1736008642885
- conda: https://conda.anaconda.org/conda-forge/osx-arm64/libblas-3.9.0-28_h10e41b3_openblas.conda
  build_number: 28
  sha256: 5bea855a1a7435ce2238535aa4b13db8af8ee301d99a42b083b63fa64c1ea144
  md5: 166166d84a0e9571dc50210baf993b46
  depends:
  - libopenblas >=0.3.28,<0.3.29.0a0
  - libopenblas >=0.3.28,<1.0a0
  constrains:
  - liblapack =3.9.0=28*_openblas
  - liblapacke =3.9.0=28*_openblas
  - blas =2.128=openblas
  - libcblas =3.9.0=28*_openblas
  arch: arm64
  platform: osx
  license: BSD-3-Clause
  license_family: BSD
  size: 16840
  timestamp: 1738114389937
- conda: https://conda.anaconda.org/conda-forge/osx-arm64/libcblas-3.9.0-28_hb3479ef_openblas.conda
  build_number: 28
  sha256: f08adea59381babb3568e6d23e52aff874cbc25f299821647ab1127d1e1332ca
  md5: 30942dea911ce333765003a8adec4e8a
  depends:
  - libblas 3.9.0 28_h10e41b3_openblas
  constrains:
  - blas =2.128=openblas
  - liblapacke =3.9.0=28*_openblas
  - liblapack =3.9.0=28*_openblas
  arch: arm64
  platform: osx
  license: BSD-3-Clause
  license_family: BSD
  size: 16788
  timestamp: 1738114399962
- conda: https://conda.anaconda.org/conda-forge/osx-arm64/libcxx-19.1.7-ha82da77_0.conda
  sha256: 776092346da87a2a23502e14d91eb0c32699c4a1522b7331537bd1c3751dcff5
  md5: 5b3e1610ff8bd5443476b91d618f5b77
  depends:
  - __osx >=11.0
  arch: arm64
  platform: osx
  license: Apache-2.0 WITH LLVM-exception
  license_family: Apache
  size: 523505
  timestamp: 1736877862502
- conda: https://conda.anaconda.org/conda-forge/osx-arm64/libexpat-2.6.4-h286801f_0.conda
  sha256: e42ab5ace927ee7c84e3f0f7d813671e1cf3529f5f06ee5899606630498c2745
  md5: 38d2656dd914feb0cab8c629370768bf
  depends:
  - __osx >=11.0
  constrains:
  - expat 2.6.4.*
  license: MIT
  license_family: MIT
  size: 64693
  timestamp: 1730967175868
- conda: https://conda.anaconda.org/conda-forge/osx-arm64/libffi-3.4.2-h3422bc3_5.tar.bz2
  sha256: 41b3d13efb775e340e4dba549ab5c029611ea6918703096b2eaa9c015c0750ca
  md5: 086914b672be056eb70fd4285b6783b6
  license: MIT
  license_family: MIT
  size: 39020
  timestamp: 1636488587153
- conda: https://conda.anaconda.org/conda-forge/osx-arm64/libgfortran-5.0.0-13_2_0_hd922786_3.conda
  sha256: 44e541b4821c96b28b27fef5630883a60ce4fee91fd9c79f25a199f8f73f337b
  md5: 4a55d9e169114b2b90d3ec4604cd7bbf
  depends:
  - libgfortran5 13.2.0 hf226fd6_3
  arch: arm64
  platform: osx
  license: GPL-3.0-only WITH GCC-exception-3.1
  license_family: GPL
  size: 110233
  timestamp: 1707330749033
- conda: https://conda.anaconda.org/conda-forge/osx-arm64/libgfortran5-13.2.0-hf226fd6_3.conda
  sha256: bafc679eedb468a86aa4636061c55966186399ee0a04b605920d208d97ac579a
  md5: 66ac81d54e95c534ae488726c1f698ea
  depends:
  - llvm-openmp >=8.0.0
  constrains:
  - libgfortran 5.0.0 13_2_0_*_3
  arch: arm64
  platform: osx
  license: GPL-3.0-only WITH GCC-exception-3.1
  license_family: GPL
  size: 997381
  timestamp: 1707330687590
- conda: https://conda.anaconda.org/conda-forge/osx-arm64/liblapack-3.9.0-28_hc9a63f6_openblas.conda
  build_number: 28
  sha256: 79c75a02bff20f8b001e6aecfee8d22a51552c3986e7037fca68e5ed071cc213
  md5: 45f26652530b558c21083ceb7adaf273
  depends:
  - libblas 3.9.0 28_h10e41b3_openblas
  constrains:
  - blas =2.128=openblas
  - liblapacke =3.9.0=28*_openblas
  - libcblas =3.9.0=28*_openblas
  arch: arm64
  platform: osx
  license: BSD-3-Clause
  license_family: BSD
  size: 16793
  timestamp: 1738114407021
- conda: https://conda.anaconda.org/conda-forge/osx-arm64/liblzma-5.6.4-h39f12f2_0.conda
  sha256: 560c59d3834cc652a84fb45531bd335ad06e271b34ebc216e380a89798fe8e2c
  md5: e3fd1f8320a100f2b210e690a57cd615
  depends:
  - __osx >=11.0
  license: 0BSD
  size: 98945
  timestamp: 1738525462560
- conda: https://conda.anaconda.org/conda-forge/osx-arm64/liblzma-devel-5.6.4-h39f12f2_0.conda
  sha256: b5585156354258a85c7739039b6793e42324d29a24952fac8a9311cf2b6fff7a
  md5: 5789af7c91332d5d5693d3afd499b9eb
  depends:
  - __osx >=11.0
  - liblzma 5.6.4 h39f12f2_0
  license: 0BSD
  size: 113696
  timestamp: 1738525475905
- conda: https://conda.anaconda.org/conda-forge/osx-arm64/libopenblas-0.3.28-openmp_hf332438_1.conda
  sha256: 62bb669c37a845129096f73d446cdb6bb170e4927f2fea2b661329680dbbc373
  md5: 40803a48d947c8639da6704e9a44d3ce
  depends:
  - __osx >=11.0
  - libgfortran 5.*
  - libgfortran5 >=13.2.0
  - llvm-openmp >=18.1.8
  constrains:
  - openblas >=0.3.28,<0.3.29.0a0
  arch: arm64
  platform: osx
  license: BSD-3-Clause
  license_family: BSD
  size: 4165774
  timestamp: 1730772154295
- conda: https://conda.anaconda.org/conda-forge/osx-arm64/libprotobuf-5.28.3-h3bd63a1_1.conda
  sha256: f58a16b13ad53346903c833e266f83c3d770a43a432659b98710aed85ca885e7
  md5: bdbfea4cf45ae36652c6bbcc2e7ebe91
  depends:
  - __osx >=11.0
  - libabseil * cxx17*
  - libabseil >=20240722.0,<20240723.0a0
  - libcxx >=18
  - libzlib >=1.3.1,<2.0a0
  arch: arm64
  platform: osx
  license: BSD-3-Clause
  license_family: BSD
  size: 2271580
  timestamp: 1735576361997
- conda: https://conda.anaconda.org/conda-forge/osx-arm64/libsqlite-3.48.0-h3f77e49_1.conda
  sha256: 17c06940cc2a13fd6a17effabd6881b1477db38b2cd3ee2571092d293d3fdd75
  md5: 4c55169502ecddf8077973a987d08f08
  depends:
  - __osx >=11.0
  - libzlib >=1.3.1,<2.0a0
  license: Unlicense
  size: 852831
  timestamp: 1737564996616
- conda: https://conda.anaconda.org/conda-forge/osx-arm64/libtorch-2.5.1-cpu_generic_he9b55c7_11.conda
  sha256: e5b5c6c0c13e61111e0be8ce5ee6f363c42712998b72cbf7b26e854c6642171e
  md5: 8fd0ead2f9cf6435cb3ada9809304d6e
  depends:
  - __osx >=11.0
  - libabseil * cxx17*
  - libabseil >=20240722.0,<20240723.0a0
  - libblas >=3.9.0,<4.0a0
  - libcblas >=3.9.0,<4.0a0
  - libcxx >=18
  - liblapack >=3.9.0,<4.0a0
  - libprotobuf >=5.28.3,<5.28.4.0a0
  - libuv >=1.50.0,<2.0a0
  - llvm-openmp >=18.1.8
  - numpy >=1.19,<3
  - python >=3.12,<3.13.0a0 *_cpython
  - python_abi 3.12.* *_cp312
  - sleef >=3.8,<4.0a0
  constrains:
  - pytorch-gpu ==99999999
  - pytorch 2.5.1 cpu_generic_*_11
  - openblas * openmp_*
  - pytorch-cpu ==2.5.1
  arch: arm64
  platform: osx
  license: BSD-3-Clause
  license_family: BSD
  size: 28312286
  timestamp: 1738215952571
- conda: https://conda.anaconda.org/conda-forge/osx-arm64/libuv-1.50.0-h5505292_0.conda
  sha256: d13fb49d4c8262bf2c44ffb2c77bb2b5d0f85fc6de76bdb75208efeccb29fce6
  md5: 20717343fb30798ab7c23c2e92b748c1
  depends:
  - __osx >=11.0
  arch: arm64
  platform: osx
  license: MIT
  license_family: MIT
  size: 418890
  timestamp: 1737016751326
- conda: https://conda.anaconda.org/conda-forge/osx-arm64/libzlib-1.3.1-h8359307_2.conda
  sha256: ce34669eadaba351cd54910743e6a2261b67009624dbc7daeeafdef93616711b
  md5: 369964e85dc26bfe78f41399b366c435
  depends:
  - __osx >=11.0
  constrains:
  - zlib 1.3.1 *_2
  license: Zlib
  license_family: Other
  size: 46438
  timestamp: 1727963202283
- conda: https://conda.anaconda.org/conda-forge/osx-arm64/llvm-openmp-19.1.7-hdb05f8b_0.conda
  sha256: b92a669f2059874ebdcb69041b6c243d68ffc3fb356ac1339cec44aeb27245d7
  md5: c4d54bfd3817313ce758aa76283b118d
  depends:
  - __osx >=11.0
  constrains:
  - openmp 19.1.7|19.1.7.*
  arch: arm64
  platform: osx
  license: Apache-2.0 WITH LLVM-exception
  license_family: APACHE
  size: 280830
  timestamp: 1736986295869
- conda: https://conda.anaconda.org/conda-forge/osx-arm64/markupsafe-3.0.2-py312h998013c_1.conda
  sha256: 4aa997b244014d3707eeef54ab0ee497d12c0d0d184018960cce096169758283
  md5: 46e547061080fddf9cf95a0327e8aba6
  depends:
  - __osx >=11.0
  - python >=3.12,<3.13.0a0
  - python >=3.12,<3.13.0a0 *_cpython
  - python_abi 3.12.* *_cp312
  constrains:
  - jinja2 >=3.0.0
  arch: arm64
  platform: osx
  license: BSD-3-Clause
  license_family: BSD
  size: 24048
  timestamp: 1733219945697
- conda: https://conda.anaconda.org/conda-forge/osx-arm64/mpc-1.3.1-h8f1351a_1.conda
  sha256: 2700899ad03302a1751dbf2bca135407e470dd83ac897ab91dd8675d4300f158
  md5: a5635df796b71f6ca400fc7026f50701
  depends:
  - __osx >=11.0
  - gmp >=6.3.0,<7.0a0
  - mpfr >=4.2.1,<5.0a0
  arch: arm64
  platform: osx
  license: LGPL-3.0-or-later
  license_family: LGPL
  size: 104766
  timestamp: 1725629165420
- conda: https://conda.anaconda.org/conda-forge/osx-arm64/mpfr-4.2.1-hb693164_3.conda
  sha256: 4463e4e2aba7668e37a1b8532859191b4477a6f3602a5d6b4d64ad4c4baaeac5
  md5: 4e4ea852d54cc2b869842de5044662fb
  depends:
  - __osx >=11.0
  - gmp >=6.3.0,<7.0a0
  arch: arm64
  platform: osx
  license: LGPL-3.0-only
  license_family: LGPL
  size: 345517
  timestamp: 1725746730583
- conda: https://conda.anaconda.org/conda-forge/noarch/mpmath-1.3.0-pyhd8ed1ab_1.conda
  sha256: 7d7aa3fcd6f42b76bd711182f3776a02bef09a68c5f117d66b712a6d81368692
  md5: 3585aa87c43ab15b167b574cd73b057b
  depends:
  - python >=3.9
  license: BSD-3-Clause
  license_family: BSD
  size: 439705
  timestamp: 1733302781386
- conda: https://conda.anaconda.org/conda-forge/osx-arm64/ncurses-6.5-h5e97a16_3.conda
  sha256: 2827ada40e8d9ca69a153a45f7fd14f32b2ead7045d3bbb5d10964898fe65733
  md5: 068d497125e4bf8a66bf707254fff5ae
  depends:
  - __osx >=11.0
  license: X11 AND BSD-3-Clause
  size: 797030
  timestamp: 1738196177597
- conda: https://conda.anaconda.org/conda-forge/noarch/networkx-3.4.2-pyh267e887_2.conda
  sha256: 39625cd0c9747fa5c46a9a90683b8997d8b9649881b3dc88336b13b7bdd60117
  md5: fd40bf7f7f4bc4b647dc8512053d9873
  depends:
  - python >=3.10
  - python
  constrains:
  - numpy >=1.24
  - scipy >=1.10,!=1.11.0,!=1.11.1
  - matplotlib >=3.7
  - pandas >=2.0
  license: BSD-3-Clause
  license_family: BSD
  size: 1265008
  timestamp: 1731521053408
- conda: https://conda.anaconda.org/conda-forge/noarch/nomkl-1.0-h5ca1d4c_0.tar.bz2
  sha256: d38542a151a90417065c1a234866f97fd1ea82a81de75ecb725955ab78f88b4b
  md5: 9a66894dfd07c4510beb6b3f9672ccc0
  constrains:
  - mkl <0.a0
  license: BSD-3-Clause
  license_family: BSD
  size: 3843
  timestamp: 1582593857545
- conda: https://conda.anaconda.org/conda-forge/osx-arm64/numpy-2.2.2-py312h7c1f314_0.conda
  sha256: 411e2262230fd8da86f6f065e751d158b861efb6d9ba7fc5af848be99cce378e
  md5: 083cb61e8e81cf8739e22f8a1904e01e
  depends:
  - __osx >=11.0
  - libblas >=3.9.0,<4.0a0
  - libcblas >=3.9.0,<4.0a0
  - libcxx >=18
  - liblapack >=3.9.0,<4.0a0
  - python >=3.12,<3.13.0a0
  - python >=3.12,<3.13.0a0 *_cpython
  - python_abi 3.12.* *_cp312
  constrains:
  - numpy-base <0a0
  arch: arm64
  platform: osx
  license: BSD-3-Clause
  license_family: BSD
  size: 6441437
  timestamp: 1737331520428
- conda: https://conda.anaconda.org/conda-forge/osx-arm64/openssl-3.4.0-h81ee809_1.conda
  sha256: 97772762abc70b3a537683ca9fc3ff3d6099eb64e4aba3b9c99e6fce48422d21
  md5: 22f971393637480bda8c679f374d8861
  depends:
  - __osx >=11.0
  - ca-certificates
  license: Apache-2.0
  license_family: Apache
  size: 2936415
  timestamp: 1736086108693
- conda: https://conda.anaconda.org/conda-forge/noarch/pybind11-2.13.6-pyh1ec8472_2.conda
  sha256: 27f888492af3d5ab19553f263b0015bf3766a334668b5b3a79c7dc0416e603c1
  md5: 8088a5e7b2888c780738c3130f2a969d
  depends:
  - pybind11-global 2.13.6 *_2
  - python
  constrains:
  - pybind11-abi ==4
  license: BSD-3-Clause
  license_family: BSD
  size: 186375
  timestamp: 1730237816231
- conda: https://conda.anaconda.org/conda-forge/noarch/pybind11-global-2.13.6-pyh415d2e4_2.conda
  sha256: 9ff0d61d86878f81779bdb7e47656a75feaab539893462cff29b8ec353026d81
  md5: 120541563e520d12d8e39abd7de9092c
  depends:
  - __unix
  - python
  constrains:
  - pybind11-abi ==4
  license: BSD-3-Clause
  license_family: BSD
  size: 179139
  timestamp: 1730237481227
- conda: https://conda.anaconda.org/conda-forge/osx-arm64/python-3.12.2-hdf0ec26_0_cpython.conda
  sha256: ccd6c55a286d51d907c878ed2bfa7d1becce0fee71374a9386c5eb90d803ac72
  md5: 85e91138ae921a2771f57a50120272bd
  depends:
  - bzip2 >=1.0.8,<2.0a0
  - libexpat >=2.5.0,<3.0a0
  - libffi >=3.4,<4.0a0
  - libsqlite >=3.45.1,<4.0a0
  - libzlib >=1.2.13,<2.0.0a0
  - ncurses >=6.4,<7.0a0
  - openssl >=3.2.1,<4.0a0
  - readline >=8.2,<9.0a0
  - tk >=8.6.13,<8.7.0a0
  - tzdata
  - xz >=5.2.6,<6.0a0
  constrains:
  - python_abi 3.12.* *_cp312
  license: Python-2.0
  size: 13085901
  timestamp: 1708117361381
- conda: https://conda.anaconda.org/conda-forge/osx-arm64/python_abi-3.12-5_cp312.conda
  build_number: 5
  sha256: 49d624e4b809c799d2bf257b22c23cf3fc4460f5570d9a58e7ad86350aeaa1f4
  md5: b76f9b1c862128e56ac7aa8cd2333de9
  constrains:
  - python 3.12.* *_cpython
  arch: arm64
  platform: osx
  license: BSD-3-Clause
  license_family: BSD
  size: 6278
  timestamp: 1723823099686
- conda: https://conda.anaconda.org/conda-forge/osx-arm64/pytorch-2.5.1-cpu_generic_py312_h49ed405_11.conda
  sha256: cfc17a30e82a370aec26f2254af7a12b541da438b82ce114145f2b2e8f5b7635
  md5: 4a68c40afb852bfa629c5b7d727ccddc
  depends:
  - __osx >=11.0
  - filelock
  - fsspec
  - jinja2
  - libabseil * cxx17*
  - libabseil >=20240722.0,<20240723.0a0
  - libcblas >=3.9.0,<4.0a0
  - libcxx >=18
  - liblapack >=3.9.0,<4.0a0
  - libprotobuf >=5.28.3,<5.28.4.0a0
  - libtorch 2.5.1.*
  - libuv >=1.50.0,<2.0a0
  - llvm-openmp >=18.1.8
  - networkx
  - nomkl
  - numpy >=1.19,<3
  - pybind11
  - python >=3.12,<3.13.0a0
  - python >=3.12,<3.13.0a0 *_cpython
  - python_abi 3.12.* *_cp312
  - setuptools
  - sleef >=3.8,<4.0a0
  - sympy >=1.13.1,!=1.13.2
  - typing_extensions
  constrains:
  - pytorch-gpu ==99999999
  - pytorch-cpu ==2.5.1
  arch: arm64
  platform: osx
  license: BSD-3-Clause
  license_family: BSD
  size: 26120617
  timestamp: 1738216566950
- conda: https://conda.anaconda.org/conda-forge/osx-arm64/readline-8.2-h92ec313_1.conda
  sha256: a1dfa679ac3f6007362386576a704ad2d0d7a02e98f5d0b115f207a2da63e884
  md5: 8cbb776a2f641b943d413b3e19df71f4
  depends:
  - ncurses >=6.3,<7.0a0
  license: GPL-3.0-only
  license_family: GPL
  size: 250351
  timestamp: 1679532511311
- conda: https://conda.anaconda.org/conda-forge/noarch/setuptools-75.8.0-pyhff2d567_0.conda
  sha256: e0778e4f276e9a81b51c56f51ec22a27b4d8fc955abc0be77ad09ca9bea06bb9
  md5: 8f28e299c11afdd79e0ec1e279dcdc52
  depends:
  - python >=3.9
  license: MIT
  license_family: MIT
  size: 775598
  timestamp: 1736512753595
- conda: https://conda.anaconda.org/conda-forge/osx-arm64/sleef-3.8-h8391f65_0.conda
  sha256: e8f26540b22fe2f1c9f44666a8fdf0786e7a40e8e69466d2567a53b106f6dff3
  md5: 6567410b336a7b8f775cd9157fb50d61
  depends:
  - __osx >=11.0
  - libcxx >=18
  - llvm-openmp >=18.1.8
  arch: arm64
  platform: osx
  license: BSL-1.0
  size: 584685
  timestamp: 1738089615902
- conda: https://conda.anaconda.org/conda-forge/noarch/sympy-1.13.3-pypyh2585a3b_103.conda
  sha256: 2d94afdb8548fd63023ca2c56026e134bebe88821de31fd5b88363450e1edd0b
  md5: 183b2087b43f5aa7e89e08f2069bcf7c
  depends:
  - __unix
  - gmpy2 >=2.0.8
  - mpmath >=0.19
  - python * *_cpython
  - python >=3.8
  license: BSD-3-Clause
  license_family: BSD
  size: 4576878
  timestamp: 1727529864158
- conda: https://conda.anaconda.org/conda-forge/osx-arm64/tk-8.6.13-h5083fa2_1.conda
  sha256: 72457ad031b4c048e5891f3f6cb27a53cb479db68a52d965f796910e71a403a8
  md5: b50a57ba89c32b62428b71a875291c9b
  depends:
  - libzlib >=1.2.13,<2.0.0a0
  license: TCL
  license_family: BSD
  size: 3145523
  timestamp: 1699202432999
- conda: https://conda.anaconda.org/conda-forge/noarch/typing_extensions-4.12.2-pyha770c72_1.conda
  sha256: 337be7af5af8b2817f115b3b68870208b30c31d3439bec07bfb2d8f4823e3568
  md5: d17f13df8b65464ca316cbc000a3cb64
  depends:
  - python >=3.9
  license: PSF-2.0
  license_family: PSF
  size: 39637
  timestamp: 1733188758212
- conda: https://conda.anaconda.org/conda-forge/noarch/tzdata-2025a-h78e105d_0.conda
  sha256: c4b1ae8a2931fe9b274c44af29c5475a85b37693999f8c792dad0f8c6734b1de
  md5: dbcace4706afdfb7eb891f7b37d07c04
  license: LicenseRef-Public-Domain
  size: 122921
  timestamp: 1737119101255
- conda: https://conda.anaconda.org/conda-forge/osx-arm64/xz-5.6.4-h9a6d368_0.conda
  sha256: 0ca773e9d3af963414ac9d78c699c5048902bd336fbc989480c5e8a297cfcd10
  md5: b6e676c2c7fde19f56e052acb6acc540
  depends:
  - __osx >=11.0
  - liblzma 5.6.4 h39f12f2_0
  - liblzma-devel 5.6.4 h39f12f2_0
  - xz-gpl-tools 5.6.4 h9a6d368_0
  - xz-tools 5.6.4 h39f12f2_0
  license: 0BSD AND LGPL-2.1-or-later AND GPL-2.0-or-later
  size: 23661
  timestamp: 1738525523535
- conda: https://conda.anaconda.org/conda-forge/osx-arm64/xz-gpl-tools-5.6.4-h9a6d368_0.conda
  sha256: a380a32a392df8e9c03399197d3e3c6da1b98873b8733b8a9e22d3689a775471
  md5: a2580f5af9e67d0e44a97c015eea94d3
  depends:
  - __osx >=11.0
  - liblzma 5.6.4 h39f12f2_0
  license: 0BSD AND LGPL-2.1-or-later AND GPL-2.0-or-later
  size: 33416
  timestamp: 1738525507604
- conda: https://conda.anaconda.org/conda-forge/osx-arm64/xz-tools-5.6.4-h39f12f2_0.conda
  sha256: 4f18cc820f63ad3783c38763eb84132db00940d3291c0d03dc66ec8582e0cf84
  md5: e0ecdb9bfea05d0a763453071e375fc6
  depends:
  - __osx >=11.0
  - liblzma 5.6.4 h39f12f2_0
  license: 0BSD AND LGPL-2.1-or-later
  size: 81197
  timestamp: 1738525493814
